
Microsoft Visual Studio Solution File, Format Version 12.00
# Visual Studio 14
VisualStudioVersion = 14.0.25420.1
MinimumVisualStudioVersion = 10.0.40219.1
Project("{2150E333-8FDC-42A3-9474-1A3956D46DE8}") = "src", "src", "{D161698C-4246-4246-8743-4053C3768287}"
EndProject
Project("{2150E333-8FDC-42A3-9474-1A3956D46DE8}") = "Solution Items", "Solution Items", "{48B25D5A-A59A-41F2-BCFD-C011E2B762C5}"
	ProjectSection(SolutionItems) = preProject
		global.json = global.json
	EndProjectSection
EndProject
Project("{8BB2217D-0F2D-49D1-97BC-3654ED321F3B}") = "ToDoApp.Domain", "src\ToDoApp.Domain\ToDoApp.Domain.xproj", "{09ED183F-6EA7-4FEA-B36E-5C99935B4CA5}"
EndProject
Project("{8BB2217D-0F2D-49D1-97BC-3654ED321F3B}") = "ToDoApp.Data", "src\ToDoApp.Data\ToDoApp.Data.xproj", "{BDAC85D5-4F84-45BB-B8E7-C70FC03B2CCF}"
EndProject
Project("{8BB2217D-0F2D-49D1-97BC-3654ED321F3B}") = "ToDoApp.DomainServices", "src\ToDoApp.DomainServices\ToDoApp.DomainServices.xproj", "{71AC1560-91F7-4B34-9FC1-35067167ACFA}"
EndProject
Project("{8BB2217D-0F2D-49D1-97BC-3654ED321F3B}") = "ToDoApp.AppServices", "src\ToDoApp.AppServices\ToDoApp.AppServices.xproj", "{4912FA94-007D-4086-AB17-1D931E89A429}"
EndProject
Project("{8BB2217D-0F2D-49D1-97BC-3654ED321F3B}") = "ToDoApp.IoC", "src\ToDoApp.IoC\ToDoApp.IoC.xproj", "{29A40702-683E-4762-8FE2-806567B889D3}"
EndProject
Project("{8BB2217D-0F2D-49D1-97BC-3654ED321F3B}") = "ToDoApp.Tests", "src\ToDoApp.Tests\ToDoApp.Tests.xproj", "{7E426759-032F-4101-BC44-EF7EAF520C71}"
EndProject
Project("{8BB2217D-0F2D-49D1-97BC-3654ED321F3B}") = "ToDoApp", "src\ToDoApp\ToDoApp.xproj", "{4A88DAC5-C45D-42F7-B6C7-093A20EB17AF}"
EndProject
Global
	GlobalSection(SolutionConfigurationPlatforms) = preSolution
		Debug|Any CPU = Debug|Any CPU
		Release|Any CPU = Release|Any CPU
	EndGlobalSection
	GlobalSection(ProjectConfigurationPlatforms) = postSolution
		{09ED183F-6EA7-4FEA-B36E-5C99935B4CA5}.Debug|Any CPU.ActiveCfg = Debug|Any CPU
		{09ED183F-6EA7-4FEA-B36E-5C99935B4CA5}.Debug|Any CPU.Build.0 = Debug|Any CPU
		{09ED183F-6EA7-4FEA-B36E-5C99935B4CA5}.Release|Any CPU.ActiveCfg = Release|Any CPU
		{09ED183F-6EA7-4FEA-B36E-5C99935B4CA5}.Release|Any CPU.Build.0 = Release|Any CPU
		{BDAC85D5-4F84-45BB-B8E7-C70FC03B2CCF}.Debug|Any CPU.ActiveCfg = Debug|Any CPU
		{BDAC85D5-4F84-45BB-B8E7-C70FC03B2CCF}.Debug|Any CPU.Build.0 = Debug|Any CPU
		{BDAC85D5-4F84-45BB-B8E7-C70FC03B2CCF}.Release|Any CPU.ActiveCfg = Release|Any CPU
		{BDAC85D5-4F84-45BB-B8E7-C70FC03B2CCF}.Release|Any CPU.Build.0 = Release|Any CPU
		{71AC1560-91F7-4B34-9FC1-35067167ACFA}.Debug|Any CPU.ActiveCfg = Debug|Any CPU
		{71AC1560-91F7-4B34-9FC1-35067167ACFA}.Debug|Any CPU.Build.0 = Debug|Any CPU
		{71AC1560-91F7-4B34-9FC1-35067167ACFA}.Release|Any CPU.ActiveCfg = Release|Any CPU
		{71AC1560-91F7-4B34-9FC1-35067167ACFA}.Release|Any CPU.Build.0 = Release|Any CPU
		{4912FA94-007D-4086-AB17-1D931E89A429}.Debug|Any CPU.ActiveCfg = Debug|Any CPU
		{4912FA94-007D-4086-AB17-1D931E89A429}.Debug|Any CPU.Build.0 = Debug|Any CPU
		{4912FA94-007D-4086-AB17-1D931E89A429}.Release|Any CPU.ActiveCfg = Release|Any CPU
		{4912FA94-007D-4086-AB17-1D931E89A429}.Release|Any CPU.Build.0 = Release|Any CPU
		{29A40702-683E-4762-8FE2-806567B889D3}.Debug|Any CPU.ActiveCfg = Debug|Any CPU
		{29A40702-683E-4762-8FE2-806567B889D3}.Debug|Any CPU.Build.0 = Debug|Any CPU
		{29A40702-683E-4762-8FE2-806567B889D3}.Release|Any CPU.ActiveCfg = Release|Any CPU
		{29A40702-683E-4762-8FE2-806567B889D3}.Release|Any CPU.Build.0 = Release|Any CPU
		{7E426759-032F-4101-BC44-EF7EAF520C71}.Debug|Any CPU.ActiveCfg = Debug|Any CPU
		{7E426759-032F-4101-BC44-EF7EAF520C71}.Debug|Any CPU.Build.0 = Debug|Any CPU
		{7E426759-032F-4101-BC44-EF7EAF520C71}.Release|Any CPU.ActiveCfg = Release|Any CPU
		{7E426759-032F-4101-BC44-EF7EAF520C71}.Release|Any CPU.Build.0 = Release|Any CPU
		{4A88DAC5-C45D-42F7-B6C7-093A20EB17AF}.Debug|Any CPU.ActiveCfg = Debug|Any CPU
		{4A88DAC5-C45D-42F7-B6C7-093A20EB17AF}.Debug|Any CPU.Build.0 = Debug|Any CPU
		{4A88DAC5-C45D-42F7-B6C7-093A20EB17AF}.Release|Any CPU.ActiveCfg = Release|Any CPU
		{4A88DAC5-C45D-42F7-B6C7-093A20EB17AF}.Release|Any CPU.Build.0 = Release|Any CPU
	EndGlobalSection
	GlobalSection(SolutionProperties) = preSolution
		HideSolutionNode = FALSE
	EndGlobalSection
	GlobalSection(NestedProjects) = preSolution
		{09ED183F-6EA7-4FEA-B36E-5C99935B4CA5} = {D161698C-4246-4246-8743-4053C3768287}
		{BDAC85D5-4F84-45BB-B8E7-C70FC03B2CCF} = {D161698C-4246-4246-8743-4053C3768287}
		{71AC1560-91F7-4B34-9FC1-35067167ACFA} = {D161698C-4246-4246-8743-4053C3768287}
		{4912FA94-007D-4086-AB17-1D931E89A429} = {D161698C-4246-4246-8743-4053C3768287}
		{29A40702-683E-4762-8FE2-806567B889D3} = {D161698C-4246-4246-8743-4053C3768287}
		{7E426759-032F-4101-BC44-EF7EAF520C71} = {D161698C-4246-4246-8743-4053C3768287}
		{4A88DAC5-C45D-42F7-B6C7-093A20EB17AF} = {D161698C-4246-4246-8743-4053C3768287}
	EndGlobalSection
EndGlobal
